
Microsoft Visual Studio Solution File, Format Version 12.00
# Visual Studio Version 17
VisualStudioVersion = 17.0.31919.166
MinimumVisualStudioVersion = 10.0.40219.1
Project("{FAE04EC0-301F-11D3-BF4B-00C04F79EFBC}") = "BinarySearch", "BinarySearch.csproj", "{6473C315-84EB-49CF-B31C-E24DD3D7AF2B}"
EndProject
Global
	GlobalSection(SolutionConfigurationPlatforms) = preSolution
		Debug|Any CPU = Debug|Any CPU
		Release|Any CPU = Release|Any CPU
	EndGlobalSection
	GlobalSection(ProjectConfigurationPlatforms) = postSolution
		{6473C315-84EB-49CF-B31C-E24DD3D7AF2B}.Debug|Any CPU.ActiveCfg = Debug|Any CPU
		{6473C315-84EB-49CF-B31C-E24DD3D7AF2B}.Debug|Any CPU.Build.0 = Debug|Any CPU
		{6473C315-84EB-49CF-B31C-E24DD3D7AF2B}.Release|Any CPU.ActiveCfg = Release|Any CPU
		{6473C315-84EB-49CF-B31C-E24DD3D7AF2B}.Release|Any CPU.Build.0 = Release|Any CPU
	EndGlobalSection
	GlobalSection(SolutionProperties) = preSolution
		HideSolutionNode = FALSE
	EndGlobalSection
	GlobalSection(ExtensibilityGlobals) = postSolution
		SolutionGuid = {B72B8E8E-7228-4FB6-B3C0-478876626A28}
	EndGlobalSection
EndGlobal
